
Microsoft Visual Studio Solution File, Format Version 12.00
# Visual Studio Version 17
VisualStudioVersion = 17.14.37111.16 d17.14
MinimumVisualStudioVersion = 10.0.40219.1
Project("{FAE04EC0-301F-11D3-BF4B-00C04F79EFBC}") = "SeleniumWebsiteTests", "SeleniumWebsiteTests\SeleniumWebsiteTests.csproj", "{A5F64787-04FC-4FEB-ACA7-8207376EF9E0}"
EndProject
Global
	GlobalSection(SolutionConfigurationPlatforms) = preSolution
		Debug|Any CPU = Debug|Any CPU
		Release|Any CPU = Release|Any CPU
	EndGlobalSection
	GlobalSection(ProjectConfigurationPlatforms) = postSolution
		{A5F64787-04FC-4FEB-ACA7-8207376EF9E0}.Debug|Any CPU.ActiveCfg = Debug|Any CPU
		{A5F64787-04FC-4FEB-ACA7-8207376EF9E0}.Debug|Any CPU.Build.0 = Debug|Any CPU
		{A5F64787-04FC-4FEB-ACA7-8207376EF9E0}.Release|Any CPU.ActiveCfg = Release|Any CPU
		{A5F64787-04FC-4FEB-ACA7-8207376EF9E0}.Release|Any CPU.Build.0 = Release|Any CPU
	EndGlobalSection
	GlobalSection(SolutionProperties) = preSolution
		HideSolutionNode = FALSE
	EndGlobalSection
	GlobalSection(ExtensibilityGlobals) = postSolution
		SolutionGuid = {23336E54-F8AB-4C9B-8AE2-647C8AA85810}
	EndGlobalSection
EndGlobal
