
Microsoft Visual Studio Solution File, Format Version 12.00
# Visual Studio 14
VisualStudioVersion = 14.0.24720.0
MinimumVisualStudioVersion = 10.0.40219.1
Project("{FAE04EC0-301F-11D3-BF4B-00C04F79EFBC}") = "DataForms", "DataForms\DataForms.csproj", "{DA025523-CC41-4990-B13F-A7C6D3C0DA22}"
EndProject
Global
	GlobalSection(SolutionConfigurationPlatforms) = preSolution
		Debug|Any CPU = Debug|Any CPU
		Release|Any CPU = Release|Any CPU
	EndGlobalSection
	GlobalSection(ProjectConfigurationPlatforms) = postSolution
		{DA025523-CC41-4990-B13F-A7C6D3C0DA22}.Debug|Any CPU.ActiveCfg = Debug|Any CPU
		{DA025523-CC41-4990-B13F-A7C6D3C0DA22}.Debug|Any CPU.Build.0 = Debug|Any CPU
		{DA025523-CC41-4990-B13F-A7C6D3C0DA22}.Release|Any CPU.ActiveCfg = Release|Any CPU
		{DA025523-CC41-4990-B13F-A7C6D3C0DA22}.Release|Any CPU.Build.0 = Release|Any CPU
	EndGlobalSection
	GlobalSection(SolutionProperties) = preSolution
		HideSolutionNode = FALSE
	EndGlobalSection
EndGlobal
