
Microsoft Visual Studio Solution File, Format Version 12.00
# Visual Studio Version 17
Project("{8BC9CEB8-8B4A-11D0-8D11-00A0C91BC942}") = "ALL_BUILD", "ALL_BUILD.vcxproj", "{BB919778-C24B-33EF-B891-8F3BDCECF94D}"
	ProjectSection(ProjectDependencies) = postProject
		{1459BFEC-D87F-3138-88C0-2080F794507A} = {1459BFEC-D87F-3138-88C0-2080F794507A}
		{76F01B56-9EB0-3600-A76F-6EF6D9C4FB92} = {76F01B56-9EB0-3600-A76F-6EF6D9C4FB92}
	EndProjectSection
EndProject
Project("{8BC9CEB8-8B4A-11D0-8D11-00A0C91BC942}") = "CustomTemplates", "CustomTemplates\CustomTemplates.vcxproj", "{1459BFEC-D87F-3138-88C0-2080F794507A}"
	ProjectSection(ProjectDependencies) = postProject
		{76F01B56-9EB0-3600-A76F-6EF6D9C4FB92} = {76F01B56-9EB0-3600-A76F-6EF6D9C4FB92}
	EndProjectSection
EndProject
Project("{8BC9CEB8-8B4A-11D0-8D11-00A0C91BC942}") = "ZERO_CHECK", "ZERO_CHECK.vcxproj", "{76F01B56-9EB0-3600-A76F-6EF6D9C4FB92}"
	ProjectSection(ProjectDependencies) = postProject
	EndProjectSection
EndProject
Global
	GlobalSection(SolutionConfigurationPlatforms) = preSolution
		Debug|x64 = Debug|x64
		Release|x64 = Release|x64
		MinSizeRel|x64 = MinSizeRel|x64
		RelWithDebInfo|x64 = RelWithDebInfo|x64
	EndGlobalSection
	GlobalSection(ProjectConfigurationPlatforms) = postSolution
		{BB919778-C24B-33EF-B891-8F3BDCECF94D}.Debug|x64.ActiveCfg = Debug|x64
		{BB919778-C24B-33EF-B891-8F3BDCECF94D}.Release|x64.ActiveCfg = Release|x64
		{BB919778-C24B-33EF-B891-8F3BDCECF94D}.MinSizeRel|x64.ActiveCfg = MinSizeRel|x64
		{BB919778-C24B-33EF-B891-8F3BDCECF94D}.RelWithDebInfo|x64.ActiveCfg = RelWithDebInfo|x64
		{1459BFEC-D87F-3138-88C0-2080F794507A}.Debug|x64.ActiveCfg = Debug|x64
		{1459BFEC-D87F-3138-88C0-2080F794507A}.Debug|x64.Build.0 = Debug|x64
		{1459BFEC-D87F-3138-88C0-2080F794507A}.Release|x64.ActiveCfg = Release|x64
		{1459BFEC-D87F-3138-88C0-2080F794507A}.Release|x64.Build.0 = Release|x64
		{1459BFEC-D87F-3138-88C0-2080F794507A}.MinSizeRel|x64.ActiveCfg = MinSizeRel|x64
		{1459BFEC-D87F-3138-88C0-2080F794507A}.MinSizeRel|x64.Build.0 = MinSizeRel|x64
		{1459BFEC-D87F-3138-88C0-2080F794507A}.RelWithDebInfo|x64.ActiveCfg = RelWithDebInfo|x64
		{1459BFEC-D87F-3138-88C0-2080F794507A}.RelWithDebInfo|x64.Build.0 = RelWithDebInfo|x64
		{76F01B56-9EB0-3600-A76F-6EF6D9C4FB92}.Debug|x64.ActiveCfg = Debug|x64
		{76F01B56-9EB0-3600-A76F-6EF6D9C4FB92}.Debug|x64.Build.0 = Debug|x64
		{76F01B56-9EB0-3600-A76F-6EF6D9C4FB92}.Release|x64.ActiveCfg = Release|x64
		{76F01B56-9EB0-3600-A76F-6EF6D9C4FB92}.Release|x64.Build.0 = Release|x64
		{76F01B56-9EB0-3600-A76F-6EF6D9C4FB92}.MinSizeRel|x64.ActiveCfg = MinSizeRel|x64
		{76F01B56-9EB0-3600-A76F-6EF6D9C4FB92}.MinSizeRel|x64.Build.0 = MinSizeRel|x64
		{76F01B56-9EB0-3600-A76F-6EF6D9C4FB92}.RelWithDebInfo|x64.ActiveCfg = RelWithDebInfo|x64
		{76F01B56-9EB0-3600-A76F-6EF6D9C4FB92}.RelWithDebInfo|x64.Build.0 = RelWithDebInfo|x64
	EndGlobalSection
	GlobalSection(ExtensibilityGlobals) = postSolution
		SolutionGuid = {14FA0F65-0282-368D-95B0-6FEA02B45035}
	EndGlobalSection
	GlobalSection(ExtensibilityAddIns) = postSolution
	EndGlobalSection
EndGlobal
