
Microsoft Visual Studio Solution File, Format Version 12.00
# Visual Studio Version 17
VisualStudioVersion = 17.14.36804.6 d17.14
MinimumVisualStudioVersion = 10.0.40219.1
Project("{FAE04EC0-301F-11D3-BF4B-00C04F79EFBC}") = "Banks", "Banks\Banks.csproj", "{CF363083-D980-4258-B0E2-B3C5236D2B70}"
EndProject
Project("{FAE04EC0-301F-11D3-BF4B-00C04F79EFBC}") = "BankTest1", "BankTest1\BankTest1.csproj", "{809DACFC-7710-4954-A9DB-8C0EAF21F3F0}"
EndProject
Global
	GlobalSection(SolutionConfigurationPlatforms) = preSolution
		Debug|Any CPU = Debug|Any CPU
		Release|Any CPU = Release|Any CPU
	EndGlobalSection
	GlobalSection(ProjectConfigurationPlatforms) = postSolution
		{CF363083-D980-4258-B0E2-B3C5236D2B70}.Debug|Any CPU.ActiveCfg = Debug|Any CPU
		{CF363083-D980-4258-B0E2-B3C5236D2B70}.Debug|Any CPU.Build.0 = Debug|Any CPU
		{CF363083-D980-4258-B0E2-B3C5236D2B70}.Release|Any CPU.ActiveCfg = Release|Any CPU
		{CF363083-D980-4258-B0E2-B3C5236D2B70}.Release|Any CPU.Build.0 = Release|Any CPU
		{809DACFC-7710-4954-A9DB-8C0EAF21F3F0}.Debug|Any CPU.ActiveCfg = Debug|Any CPU
		{809DACFC-7710-4954-A9DB-8C0EAF21F3F0}.Debug|Any CPU.Build.0 = Debug|Any CPU
		{809DACFC-7710-4954-A9DB-8C0EAF21F3F0}.Release|Any CPU.ActiveCfg = Release|Any CPU
		{809DACFC-7710-4954-A9DB-8C0EAF21F3F0}.Release|Any CPU.Build.0 = Release|Any CPU
	EndGlobalSection
	GlobalSection(SolutionProperties) = preSolution
		HideSolutionNode = FALSE
	EndGlobalSection
	GlobalSection(ExtensibilityGlobals) = postSolution
		SolutionGuid = {A70DCFA1-AD93-4D1E-A23F-D1630D3C5396}
	EndGlobalSection
EndGlobal
