
Microsoft Visual Studio Solution File, Format Version 12.00
# Visual Studio Version 17
VisualStudioVersion = 17.14.36804.6 d17.14
MinimumVisualStudioVersion = 10.0.40219.1
Project("{FAE04EC0-301F-11D3-BF4B-00C04F79EFBC}") = "CLRFunctions", "CLRFunctions\CLRFunctions.csproj", "{F79DEA7A-E137-4E07-975C-C4E529F01A75}"
EndProject
Global
	GlobalSection(SolutionConfigurationPlatforms) = preSolution
		Debug|Any CPU = Debug|Any CPU
		Release|Any CPU = Release|Any CPU
	EndGlobalSection
	GlobalSection(ProjectConfigurationPlatforms) = postSolution
		{F79DEA7A-E137-4E07-975C-C4E529F01A75}.Debug|Any CPU.ActiveCfg = Debug|Any CPU
		{F79DEA7A-E137-4E07-975C-C4E529F01A75}.Debug|Any CPU.Build.0 = Debug|Any CPU
		{F79DEA7A-E137-4E07-975C-C4E529F01A75}.Release|Any CPU.ActiveCfg = Release|Any CPU
		{F79DEA7A-E137-4E07-975C-C4E529F01A75}.Release|Any CPU.Build.0 = Release|Any CPU
	EndGlobalSection
	GlobalSection(SolutionProperties) = preSolution
		HideSolutionNode = FALSE
	EndGlobalSection
	GlobalSection(ExtensibilityGlobals) = postSolution
		SolutionGuid = {81D5699E-D741-49C6-A797-42956A087C09}
	EndGlobalSection
EndGlobal
